
Microsoft Visual Studio Solution File, Format Version 12.00
# Visual Studio Version 17
VisualStudioVersion = 17.0.31903.59
MinimumVisualStudioVersion = 10.0.40219.1
Project("{FAE04EC0-301F-11D3-BF4B-00C04F79EFBC}") = "Astro.Web", "Astro.Web\Astro.Web.csproj", "{953EA0A7-DF88-490A-A834-44F39F34A5D0}"
EndProject
Project("{FAE04EC0-301F-11D3-BF4B-00C04F79EFBC}") = "Astro.Domain", "Astro.Domain\Astro.Domain.csproj", "{7B3BE8F1-2343-42CC-BFC6-0D2F75D73FAB}"
EndProject
Project("{2150E333-8FDC-42A3-9474-1A3956D46DE8}") = "tests", "tests", "{CAFBAC01-B729-4ACC-9F37-8B9CD11AA7D1}"
EndProject
Project("{FAE04EC0-301F-11D3-BF4B-00C04F79EFBC}") = "Astro.Web.Tests", "tests\Astro.Web.Tests\Astro.Web.Tests.csproj", "{F29C3183-9722-455D-9425-051A50876628}"
EndProject
Global
	GlobalSection(SolutionConfigurationPlatforms) = preSolution
		Debug|Any CPU = Debug|Any CPU
		Release|Any CPU = Release|Any CPU
	EndGlobalSection
	GlobalSection(SolutionProperties) = preSolution
		HideSolutionNode = FALSE
	EndGlobalSection
	GlobalSection(ProjectConfigurationPlatforms) = postSolution
		{953EA0A7-DF88-490A-A834-44F39F34A5D0}.Debug|Any CPU.ActiveCfg = Debug|Any CPU
		{953EA0A7-DF88-490A-A834-44F39F34A5D0}.Debug|Any CPU.Build.0 = Debug|Any CPU
		{953EA0A7-DF88-490A-A834-44F39F34A5D0}.Release|Any CPU.ActiveCfg = Release|Any CPU
		{953EA0A7-DF88-490A-A834-44F39F34A5D0}.Release|Any CPU.Build.0 = Release|Any CPU
		{7B3BE8F1-2343-42CC-BFC6-0D2F75D73FAB}.Debug|Any CPU.ActiveCfg = Debug|Any CPU
		{7B3BE8F1-2343-42CC-BFC6-0D2F75D73FAB}.Debug|Any CPU.Build.0 = Debug|Any CPU
		{7B3BE8F1-2343-42CC-BFC6-0D2F75D73FAB}.Release|Any CPU.ActiveCfg = Release|Any CPU
		{7B3BE8F1-2343-42CC-BFC6-0D2F75D73FAB}.Release|Any CPU.Build.0 = Release|Any CPU
		{F29C3183-9722-455D-9425-051A50876628}.Debug|Any CPU.ActiveCfg = Debug|Any CPU
		{F29C3183-9722-455D-9425-051A50876628}.Debug|Any CPU.Build.0 = Debug|Any CPU
		{F29C3183-9722-455D-9425-051A50876628}.Release|Any CPU.ActiveCfg = Release|Any CPU
		{F29C3183-9722-455D-9425-051A50876628}.Release|Any CPU.Build.0 = Release|Any CPU
	EndGlobalSection
	GlobalSection(NestedProjects) = preSolution
		{F29C3183-9722-455D-9425-051A50876628} = {CAFBAC01-B729-4ACC-9F37-8B9CD11AA7D1}
	EndGlobalSection
EndGlobal
